// !$*UTF8*$!
{
	archiveVersion = 1;
	classes = {
	};
	objectVersion = 50;
	objects = {

/* Begin PBXBuildFile section */
		2CCFECFFC349777D33137ECE /* Pods_BRQTest.framework in Frameworks */ = {isa = PBXBuildFile; fileRef = 9CC83A0E43842C645ECC7DC0 /* Pods_BRQTest.framework */; };
		BF50F504655CBE1E30BB73E8 /* Pods_BRQTestTests.framework in Frameworks */ = {isa = PBXBuildFile; fileRef = 15A2DC1972EC19DF8BFA2699 /* Pods_BRQTestTests.framework */; };
		E079D4E022AF30D30010BCA7 /* AppDelegate.swift in Sources */ = {isa = PBXBuildFile; fileRef = E079D4DF22AF30D30010BCA7 /* AppDelegate.swift */; };
		E079D4E522AF30D30010BCA7 /* Main.storyboard in Resources */ = {isa = PBXBuildFile; fileRef = E079D4E322AF30D30010BCA7 /* Main.storyboard */; };
		E079D4E722AF30D50010BCA7 /* Assets.xcassets in Resources */ = {isa = PBXBuildFile; fileRef = E079D4E622AF30D50010BCA7 /* Assets.xcassets */; };
		E079D4EA22AF30D50010BCA7 /* LaunchScreen.storyboard in Resources */ = {isa = PBXBuildFile; fileRef = E079D4E822AF30D50010BCA7 /* LaunchScreen.storyboard */; };
		E079D4F522AF30D60010BCA7 /* BRQTestTests.swift in Sources */ = {isa = PBXBuildFile; fileRef = E079D4F422AF30D60010BCA7 /* BRQTestTests.swift */; };
		E09070F122AF32FF00AF608B /* DevAPI.swift in Sources */ = {isa = PBXBuildFile; fileRef = E09070F022AF32FF00AF608B /* DevAPI.swift */; };
		E09070F422AF33CA00AF608B /* Constants.swift in Sources */ = {isa = PBXBuildFile; fileRef = E09070F322AF33CA00AF608B /* Constants.swift */; };
		E09070F722AF381200AF608B /* Categories.swift in Sources */ = {isa = PBXBuildFile; fileRef = E09070F622AF381200AF608B /* Categories.swift */; };
		E09070F922AF38CC00AF608B /* DevAPIManager.swift in Sources */ = {isa = PBXBuildFile; fileRef = E09070F822AF38CC00AF608B /* DevAPIManager.swift */; };
		E09070FE22AF44E600AF608B /* ListCell.xib in Resources */ = {isa = PBXBuildFile; fileRef = E09070FD22AF44E600AF608B /* ListCell.xib */; };
		E090710022AF460200AF608B /* ListTableViewCell.swift in Sources */ = {isa = PBXBuildFile; fileRef = E09070FF22AF460200AF608B /* ListTableViewCell.swift */; };
		E090710222AF491B00AF608B /* CategoriesViewController.swift in Sources */ = {isa = PBXBuildFile; fileRef = E090710122AF491B00AF608B /* CategoriesViewController.swift */; };
		E090710522AF4C5B00AF608B /* CategoriesViewModel.swift in Sources */ = {isa = PBXBuildFile; fileRef = E090710422AF4C5B00AF608B /* CategoriesViewModel.swift */; };
		E090710822AF622D00AF608B /* FeedBack.swift in Sources */ = {isa = PBXBuildFile; fileRef = E090710722AF622D00AF608B /* FeedBack.swift */; };
		E090710A22AF667200AF608B /* Joke.swift in Sources */ = {isa = PBXBuildFile; fileRef = E090710922AF667200AF608B /* Joke.swift */; };
		E090710C22AF696800AF608B /* JokeViewController.swift in Sources */ = {isa = PBXBuildFile; fileRef = E090710B22AF696800AF608B /* JokeViewController.swift */; };
		E090710E22AF74BF00AF608B /* JokeViewModel.swift in Sources */ = {isa = PBXBuildFile; fileRef = E090710D22AF74BF00AF608B /* JokeViewModel.swift */; };
/* End PBXBuildFile section */

/* Begin PBXContainerItemProxy section */
		E079D4F122AF30D60010BCA7 /* PBXContainerItemProxy */ = {
			isa = PBXContainerItemProxy;
			containerPortal = E079D4D422AF30D30010BCA7 /* Project object */;
			proxyType = 1;
			remoteGlobalIDString = E079D4DB22AF30D30010BCA7;
			remoteInfo = BRQTest;
		};
/* End PBXContainerItemProxy section */

/* Begin PBXFileReference section */
		15A2DC1972EC19DF8BFA2699 /* Pods_BRQTestTests.framework */ = {isa = PBXFileReference; explicitFileType = wrapper.framework; includeInIndex = 0; path = Pods_BRQTestTests.framework; sourceTree = BUILT_PRODUCTS_DIR; };
		422D1F4515E89595B1504BC0 /* Pods-BRQTest.release.xcconfig */ = {isa = PBXFileReference; includeInIndex = 1; lastKnownFileType = text.xcconfig; name = "Pods-BRQTest.release.xcconfig"; path = "Target Support Files/Pods-BRQTest/Pods-BRQTest.release.xcconfig"; sourceTree = "<group>"; };
		914F5D4D901061B9CDCFB127 /* Pods-BRQTestTests.debug.xcconfig */ = {isa = PBXFileReference; includeInIndex = 1; lastKnownFileType = text.xcconfig; name = "Pods-BRQTestTests.debug.xcconfig"; path = "Target Support Files/Pods-BRQTestTests/Pods-BRQTestTests.debug.xcconfig"; sourceTree = "<group>"; };
		9CC83A0E43842C645ECC7DC0 /* Pods_BRQTest.framework */ = {isa = PBXFileReference; explicitFileType = wrapper.framework; includeInIndex = 0; path = Pods_BRQTest.framework; sourceTree = BUILT_PRODUCTS_DIR; };
		BB15879A707659AEEA1B18BA /* Pods-BRQTest.debug.xcconfig */ = {isa = PBXFileReference; includeInIndex = 1; lastKnownFileType = text.xcconfig; name = "Pods-BRQTest.debug.xcconfig"; path = "Target Support Files/Pods-BRQTest/Pods-BRQTest.debug.xcconfig"; sourceTree = "<group>"; };
		C8A276019E56CEC9E23E8A1D /* Pods-BRQTestTests.release.xcconfig */ = {isa = PBXFileReference; includeInIndex = 1; lastKnownFileType = text.xcconfig; name = "Pods-BRQTestTests.release.xcconfig"; path = "Target Support Files/Pods-BRQTestTests/Pods-BRQTestTests.release.xcconfig"; sourceTree = "<group>"; };
		E079D4DC22AF30D30010BCA7 /* BRQTest.app */ = {isa = PBXFileReference; explicitFileType = wrapper.application; includeInIndex = 0; path = BRQTest.app; sourceTree = BUILT_PRODUCTS_DIR; };
		E079D4DF22AF30D30010BCA7 /* AppDelegate.swift */ = {isa = PBXFileReference; lastKnownFileType = sourcecode.swift; path = AppDelegate.swift; sourceTree = "<group>"; };
		E079D4E422AF30D30010BCA7 /* Base */ = {isa = PBXFileReference; lastKnownFileType = file.storyboard; name = Base; path = Base.lproj/Main.storyboard; sourceTree = "<group>"; };
		E079D4E622AF30D50010BCA7 /* Assets.xcassets */ = {isa = PBXFileReference; lastKnownFileType = folder.assetcatalog; path = Assets.xcassets; sourceTree = "<group>"; };
		E079D4E922AF30D50010BCA7 /* Base */ = {isa = PBXFileReference; lastKnownFileType = file.storyboard; name = Base; path = Base.lproj/LaunchScreen.storyboard; sourceTree = "<group>"; };
		E079D4EB22AF30D50010BCA7 /* Info.plist */ = {isa = PBXFileReference; lastKnownFileType = text.plist.xml; path = Info.plist; sourceTree = "<group>"; };
		E079D4F022AF30D60010BCA7 /* BRQTestTests.xctest */ = {isa = PBXFileReference; explicitFileType = wrapper.cfbundle; includeInIndex = 0; path = BRQTestTests.xctest; sourceTree = BUILT_PRODUCTS_DIR; };
		E079D4F422AF30D60010BCA7 /* BRQTestTests.swift */ = {isa = PBXFileReference; lastKnownFileType = sourcecode.swift; path = BRQTestTests.swift; sourceTree = "<group>"; };
		E079D4F622AF30D60010BCA7 /* Info.plist */ = {isa = PBXFileReference; lastKnownFileType = text.plist.xml; path = Info.plist; sourceTree = "<group>"; };
		E09070F022AF32FF00AF608B /* DevAPI.swift */ = {isa = PBXFileReference; lastKnownFileType = sourcecode.swift; path = DevAPI.swift; sourceTree = "<group>"; };
		E09070F322AF33CA00AF608B /* Constants.swift */ = {isa = PBXFileReference; lastKnownFileType = sourcecode.swift; path = Constants.swift; sourceTree = "<group>"; };
		E09070F622AF381200AF608B /* Categories.swift */ = {isa = PBXFileReference; lastKnownFileType = sourcecode.swift; path = Categories.swift; sourceTree = "<group>"; };
		E09070F822AF38CC00AF608B /* DevAPIManager.swift */ = {isa = PBXFileReference; lastKnownFileType = sourcecode.swift; path = DevAPIManager.swift; sourceTree = "<group>"; };
		E09070FD22AF44E600AF608B /* ListCell.xib */ = {isa = PBXFileReference; lastKnownFileType = file.xib; path = ListCell.xib; sourceTree = "<group>"; };
		E09070FF22AF460200AF608B /* ListTableViewCell.swift */ = {isa = PBXFileReference; lastKnownFileType = sourcecode.swift; path = ListTableViewCell.swift; sourceTree = "<group>"; };
		E090710122AF491B00AF608B /* CategoriesViewController.swift */ = {isa = PBXFileReference; lastKnownFileType = sourcecode.swift; path = CategoriesViewController.swift; sourceTree = "<group>"; };
		E090710422AF4C5B00AF608B /* CategoriesViewModel.swift */ = {isa = PBXFileReference; lastKnownFileType = sourcecode.swift; path = CategoriesViewModel.swift; sourceTree = "<group>"; };
		E090710722AF622D00AF608B /* FeedBack.swift */ = {isa = PBXFileReference; lastKnownFileType = sourcecode.swift; path = FeedBack.swift; sourceTree = "<group>"; };
		E090710922AF667200AF608B /* Joke.swift */ = {isa = PBXFileReference; lastKnownFileType = sourcecode.swift; path = Joke.swift; sourceTree = "<group>"; };
		E090710B22AF696800AF608B /* JokeViewController.swift */ = {isa = PBXFileReference; lastKnownFileType = sourcecode.swift; path = JokeViewController.swift; sourceTree = "<group>"; };
		E090710D22AF74BF00AF608B /* JokeViewModel.swift */ = {isa = PBXFileReference; lastKnownFileType = sourcecode.swift; path = JokeViewModel.swift; sourceTree = "<group>"; };
/* End PBXFileReference section */

/* Begin PBXFrameworksBuildPhase section */
		E079D4D922AF30D30010BCA7 /* Frameworks */ = {
			isa = PBXFrameworksBuildPhase;
			buildActionMask = 2147483647;
			files = (
				2CCFECFFC349777D33137ECE /* Pods_BRQTest.framework in Frameworks */,
			);
			runOnlyForDeploymentPostprocessing = 0;
		};
		E079D4ED22AF30D60010BCA7 /* Frameworks */ = {
			isa = PBXFrameworksBuildPhase;
			buildActionMask = 2147483647;
			files = (
				BF50F504655CBE1E30BB73E8 /* Pods_BRQTestTests.framework in Frameworks */,
			);
			runOnlyForDeploymentPostprocessing = 0;
		};
/* End PBXFrameworksBuildPhase section */

/* Begin PBXGroup section */
		A3779B02879F74CE4E4AA1F6 /* Pods */ = {
			isa = PBXGroup;
			children = (
				BB15879A707659AEEA1B18BA /* Pods-BRQTest.debug.xcconfig */,
				422D1F4515E89595B1504BC0 /* Pods-BRQTest.release.xcconfig */,
				914F5D4D901061B9CDCFB127 /* Pods-BRQTestTests.debug.xcconfig */,
				C8A276019E56CEC9E23E8A1D /* Pods-BRQTestTests.release.xcconfig */,
			);
			path = Pods;
			sourceTree = "<group>";
		};
		B1A258F1EDB1D21E1E118BA6 /* Frameworks */ = {
			isa = PBXGroup;
			children = (
				9CC83A0E43842C645ECC7DC0 /* Pods_BRQTest.framework */,
				15A2DC1972EC19DF8BFA2699 /* Pods_BRQTestTests.framework */,
			);
			name = Frameworks;
			sourceTree = "<group>";
		};
		E079D4D322AF30D30010BCA7 = {
			isa = PBXGroup;
			children = (
				E079D4DE22AF30D30010BCA7 /* BRQTest */,
				E079D4F322AF30D60010BCA7 /* BRQTestTests */,
				E079D4DD22AF30D30010BCA7 /* Products */,
				A3779B02879F74CE4E4AA1F6 /* Pods */,
				B1A258F1EDB1D21E1E118BA6 /* Frameworks */,
			);
			sourceTree = "<group>";
		};
		E079D4DD22AF30D30010BCA7 /* Products */ = {
			isa = PBXGroup;
			children = (
				E079D4DC22AF30D30010BCA7 /* BRQTest.app */,
				E079D4F022AF30D60010BCA7 /* BRQTestTests.xctest */,
			);
			name = Products;
			sourceTree = "<group>";
		};
		E079D4DE22AF30D30010BCA7 /* BRQTest */ = {
			isa = PBXGroup;
			children = (
				E079D4DF22AF30D30010BCA7 /* AppDelegate.swift */,
				E09070F522AF37F900AF608B /* Model */,
				E09070FA22AF3FC600AF608B /* View */,
				E090710322AF4BE000AF608B /* ViewModel */,
				E09070EF22AF32A800AF608B /* SupportingFiles */,
				E079D4E622AF30D50010BCA7 /* Assets.xcassets */,
				E079D4EB22AF30D50010BCA7 /* Info.plist */,
			);
			path = BRQTest;
			sourceTree = "<group>";
		};
		E079D4F322AF30D60010BCA7 /* BRQTestTests */ = {
			isa = PBXGroup;
			children = (
				E079D4F422AF30D60010BCA7 /* BRQTestTests.swift */,
				E079D4F622AF30D60010BCA7 /* Info.plist */,
			);
			path = BRQTestTests;
			sourceTree = "<group>";
		};
		E09070EF22AF32A800AF608B /* SupportingFiles */ = {
			isa = PBXGroup;
			children = (
				E090710622AF620200AF608B /* Helper */,
				E09070F222AF338A00AF608B /* Networking */,
				E09070F322AF33CA00AF608B /* Constants.swift */,
			);
			path = SupportingFiles;
			sourceTree = "<group>";
		};
		E09070F222AF338A00AF608B /* Networking */ = {
			isa = PBXGroup;
			children = (
				E09070F022AF32FF00AF608B /* DevAPI.swift */,
				E09070F822AF38CC00AF608B /* DevAPIManager.swift */,
			);
			path = Networking;
			sourceTree = "<group>";
		};
		E09070F522AF37F900AF608B /* Model */ = {
			isa = PBXGroup;
			children = (
				E09070F622AF381200AF608B /* Categories.swift */,
				E090710922AF667200AF608B /* Joke.swift */,
			);
			path = Model;
			sourceTree = "<group>";
		};
		E09070FA22AF3FC600AF608B /* View */ = {
			isa = PBXGroup;
			children = (
				E09070FB22AF3FFE00AF608B /* GenericScene */,
				E079D4E322AF30D30010BCA7 /* Main.storyboard */,
				E079D4E822AF30D50010BCA7 /* LaunchScreen.storyboard */,
				E090710122AF491B00AF608B /* CategoriesViewController.swift */,
				E090710B22AF696800AF608B /* JokeViewController.swift */,
			);
			path = View;
			sourceTree = "<group>";
		};
		E09070FB22AF3FFE00AF608B /* GenericScene */ = {
			isa = PBXGroup;
			children = (
				E09070FC22AF400700AF608B /* ListCell */,
			);
			path = GenericScene;
			sourceTree = "<group>";
		};
		E09070FC22AF400700AF608B /* ListCell */ = {
			isa = PBXGroup;
			children = (
				E09070FD22AF44E600AF608B /* ListCell.xib */,
				E09070FF22AF460200AF608B /* ListTableViewCell.swift */,
			);
			path = ListCell;
			sourceTree = "<group>";
		};
		E090710322AF4BE000AF608B /* ViewModel */ = {
			isa = PBXGroup;
			children = (
				E090710422AF4C5B00AF608B /* CategoriesViewModel.swift */,
				E090710D22AF74BF00AF608B /* JokeViewModel.swift */,
			);
			path = ViewModel;
			sourceTree = "<group>";
		};
		E090710622AF620200AF608B /* Helper */ = {
			isa = PBXGroup;
			children = (
				E090710722AF622D00AF608B /* FeedBack.swift */,
			);
			path = Helper;
			sourceTree = "<group>";
		};
/* End PBXGroup section */

/* Begin PBXNativeTarget section */
		E079D4DB22AF30D30010BCA7 /* BRQTest */ = {
			isa = PBXNativeTarget;
			buildConfigurationList = E079D4F922AF30D60010BCA7 /* Build configuration list for PBXNativeTarget "BRQTest" */;
			buildPhases = (
				189A13A8C79F53841EAB70C5 /* [CP] Check Pods Manifest.lock */,
				E079D4D822AF30D30010BCA7 /* Sources */,
				E079D4D922AF30D30010BCA7 /* Frameworks */,
				E079D4DA22AF30D30010BCA7 /* Resources */,
				732D898FCD6CE74CCC9DDACD /* [CP] Embed Pods Frameworks */,
			);
			buildRules = (
			);
			dependencies = (
			);
			name = BRQTest;
			productName = BRQTest;
			productReference = E079D4DC22AF30D30010BCA7 /* BRQTest.app */;
			productType = "com.apple.product-type.application";
		};
		E079D4EF22AF30D60010BCA7 /* BRQTestTests */ = {
			isa = PBXNativeTarget;
			buildConfigurationList = E079D4FC22AF30D60010BCA7 /* Build configuration list for PBXNativeTarget "BRQTestTests" */;
			buildPhases = (
				68D00DDA81504D792DF52313 /* [CP] Check Pods Manifest.lock */,
				E079D4EC22AF30D60010BCA7 /* Sources */,
				E079D4ED22AF30D60010BCA7 /* Frameworks */,
				E079D4EE22AF30D60010BCA7 /* Resources */,
			);
			buildRules = (
			);
			dependencies = (
				E079D4F222AF30D60010BCA7 /* PBXTargetDependency */,
			);
			name = BRQTestTests;
			productName = BRQTestTests;
			productReference = E079D4F022AF30D60010BCA7 /* BRQTestTests.xctest */;
			productType = "com.apple.product-type.bundle.unit-test";
		};
/* End PBXNativeTarget section */

/* Begin PBXProject section */
		E079D4D422AF30D30010BCA7 /* Project object */ = {
			isa = PBXProject;
			attributes = {
				LastSwiftUpdateCheck = 1010;
				LastUpgradeCheck = 1010;
				ORGANIZATIONNAME = Gerson;
				TargetAttributes = {
					E079D4DB22AF30D30010BCA7 = {
						CreatedOnToolsVersion = 10.1;
					};
					E079D4EF22AF30D60010BCA7 = {
						CreatedOnToolsVersion = 10.1;
						TestTargetID = E079D4DB22AF30D30010BCA7;
					};
				};
			};
			buildConfigurationList = E079D4D722AF30D30010BCA7 /* Build configuration list for PBXProject "BRQTest" */;
			compatibilityVersion = "Xcode 9.3";
			developmentRegion = en;
			hasScannedForEncodings = 0;
			knownRegions = (
				en,
				Base,
			);
			mainGroup = E079D4D322AF30D30010BCA7;
			productRefGroup = E079D4DD22AF30D30010BCA7 /* Products */;
			projectDirPath = "";
			projectRoot = "";
			targets = (
				E079D4DB22AF30D30010BCA7 /* BRQTest */,
				E079D4EF22AF30D60010BCA7 /* BRQTestTests */,
			);
		};
/* End PBXProject section */

/* Begin PBXResourcesBuildPhase section */
		E079D4DA22AF30D30010BCA7 /* Resources */ = {
			isa = PBXResourcesBuildPhase;
			buildActionMask = 2147483647;
			files = (
				E079D4EA22AF30D50010BCA7 /* LaunchScreen.storyboard in Resources */,
				E09070FE22AF44E600AF608B /* ListCell.xib in Resources */,
				E079D4E722AF30D50010BCA7 /* Assets.xcassets in Resources */,
				E079D4E522AF30D30010BCA7 /* Main.storyboard in Resources */,
			);
			runOnlyForDeploymentPostprocessing = 0;
		};
		E079D4EE22AF30D60010BCA7 /* Resources */ = {
			isa = PBXResourcesBuildPhase;
			buildActionMask = 2147483647;
			files = (
			);
			runOnlyForDeploymentPostprocessing = 0;
		};
/* End PBXResourcesBuildPhase section */

/* Begin PBXShellScriptBuildPhase section */
		189A13A8C79F53841EAB70C5 /* [CP] Check Pods Manifest.lock */ = {
			isa = PBXShellScriptBuildPhase;
			buildActionMask = 2147483647;
			files = (
			);
			inputFileListPaths = (
			);
			inputPaths = (
				"${PODS_PODFILE_DIR_PATH}/Podfile.lock",
				"${PODS_ROOT}/Manifest.lock",
			);
			name = "[CP] Check Pods Manifest.lock";
			outputFileListPaths = (
			);
			outputPaths = (
				"$(DERIVED_FILE_DIR)/Pods-BRQTest-checkManifestLockResult.txt",
			);
			runOnlyForDeploymentPostprocessing = 0;
			shellPath = /bin/sh;
			shellScript = "diff \"${PODS_PODFILE_DIR_PATH}/Podfile.lock\" \"${PODS_ROOT}/Manifest.lock\" > /dev/null\nif [ $? != 0 ] ; then\n    # print error to STDERR\n    echo \"error: The sandbox is not in sync with the Podfile.lock. Run 'pod install' or update your CocoaPods installation.\" >&2\n    exit 1\nfi\n# This output is used by Xcode 'outputs' to avoid re-running this script phase.\necho \"SUCCESS\" > \"${SCRIPT_OUTPUT_FILE_0}\"\n";
			showEnvVarsInLog = 0;
		};
		68D00DDA81504D792DF52313 /* [CP] Check Pods Manifest.lock */ = {
			isa = PBXShellScriptBuildPhase;
			buildActionMask = 2147483647;
			files = (
			);
			inputFileListPaths = (
			);
			inputPaths = (
				"${PODS_PODFILE_DIR_PATH}/Podfile.lock",
				"${PODS_ROOT}/Manifest.lock",
			);
			name = "[CP] Check Pods Manifest.lock";
			outputFileListPaths = (
			);
			outputPaths = (
				"$(DERIVED_FILE_DIR)/Pods-BRQTestTests-checkManifestLockResult.txt",
			);
			runOnlyForDeploymentPostprocessing = 0;
			shellPath = /bin/sh;
			shellScript = "diff \"${PODS_PODFILE_DIR_PATH}/Podfile.lock\" \"${PODS_ROOT}/Manifest.lock\" > /dev/null\nif [ $? != 0 ] ; then\n    # print error to STDERR\n    echo \"error: The sandbox is not in sync with the Podfile.lock. Run 'pod install' or update your CocoaPods installation.\" >&2\n    exit 1\nfi\n# This output is used by Xcode 'outputs' to avoid re-running this script phase.\necho \"SUCCESS\" > \"${SCRIPT_OUTPUT_FILE_0}\"\n";
			showEnvVarsInLog = 0;
		};
		732D898FCD6CE74CCC9DDACD /* [CP] Embed Pods Frameworks */ = {
			isa = PBXShellScriptBuildPhase;
			buildActionMask = 2147483647;
			files = (
			);
			inputFileListPaths = (
			);
			inputPaths = (
				"${PODS_ROOT}/Target Support Files/Pods-BRQTest/Pods-BRQTest-frameworks.sh",
				"${BUILT_PRODUCTS_DIR}/Alamofire/Alamofire.framework",
				"${BUILT_PRODUCTS_DIR}/ImageLoader/ImageLoader.framework",
				"${BUILT_PRODUCTS_DIR}/Moya/Moya.framework",
				"${BUILT_PRODUCTS_DIR}/NVActivityIndicatorView/NVActivityIndicatorView.framework",
				"${BUILT_PRODUCTS_DIR}/Result/Result.framework",
			);
			name = "[CP] Embed Pods Frameworks";
			outputFileListPaths = (
			);
			outputPaths = (
				"${TARGET_BUILD_DIR}/${FRAMEWORKS_FOLDER_PATH}/Alamofire.framework",
				"${TARGET_BUILD_DIR}/${FRAMEWORKS_FOLDER_PATH}/ImageLoader.framework",
				"${TARGET_BUILD_DIR}/${FRAMEWORKS_FOLDER_PATH}/Moya.framework",
				"${TARGET_BUILD_DIR}/${FRAMEWORKS_FOLDER_PATH}/NVActivityIndicatorView.framework",
				"${TARGET_BUILD_DIR}/${FRAMEWORKS_FOLDER_PATH}/Result.framework",
			);
			runOnlyForDeploymentPostprocessing = 0;
			shellPath = /bin/sh;
			shellScript = "\"${PODS_ROOT}/Target Support Files/Pods-BRQTest/Pods-BRQTest-frameworks.sh\"\n";
			showEnvVarsInLog = 0;
		};
/* End PBXShellScriptBuildPhase section */

/* Begin PBXSourcesBuildPhase section */
		E079D4D822AF30D30010BCA7 /* Sources */ = {
			isa = PBXSourcesBuildPhase;
			buildActionMask = 2147483647;
			files = (
				E090710A22AF667200AF608B /* Joke.swift in Sources */,
				E090710022AF460200AF608B /* ListTableViewCell.swift in Sources */,
				E090710E22AF74BF00AF608B /* JokeViewModel.swift in Sources */,
				E09070F122AF32FF00AF608B /* DevAPI.swift in Sources */,
				E09070F722AF381200AF608B /* Categories.swift in Sources */,
				E090710822AF622D00AF608B /* FeedBack.swift in Sources */,
				E09070F922AF38CC00AF608B /* DevAPIManager.swift in Sources */,
				E079D4E022AF30D30010BCA7 /* AppDelegate.swift in Sources */,
				E090710222AF491B00AF608B /* CategoriesViewController.swift in Sources */,
				E090710522AF4C5B00AF608B /* CategoriesViewModel.swift in Sources */,
				E09070F422AF33CA00AF608B /* Constants.swift in Sources */,
				E090710C22AF696800AF608B /* JokeViewController.swift in Sources */,
			);
			runOnlyForDeploymentPostprocessing = 0;
		};
		E079D4EC22AF30D60010BCA7 /* Sources */ = {
			isa = PBXSourcesBuildPhase;
			buildActionMask = 2147483647;
			files = (
				E079D4F522AF30D60010BCA7 /* BRQTestTests.swift in Sources */,
			);
			runOnlyForDeploymentPostprocessing = 0;
		};
/* End PBXSourcesBuildPhase section */

/* Begin PBXTargetDependency section */
		E079D4F222AF30D60010BCA7 /* PBXTargetDependency */ = {
			isa = PBXTargetDependency;
			target = E079D4DB22AF30D30010BCA7 /* BRQTest */;
			targetProxy = E079D4F122AF30D60010BCA7 /* PBXContainerItemProxy */;
		};
/* End PBXTargetDependency section */

/* Begin PBXVariantGroup section */
		E079D4E322AF30D30010BCA7 /* Main.storyboard */ = {
			isa = PBXVariantGroup;
			children = (
				E079D4E422AF30D30010BCA7 /* Base */,
			);
			name = Main.storyboard;
			sourceTree = "<group>";
		};
		E079D4E822AF30D50010BCA7 /* LaunchScreen.storyboard */ = {
			isa = PBXVariantGroup;
			children = (
				E079D4E922AF30D50010BCA7 /* Base */,
			);
			name = LaunchScreen.storyboard;
			sourceTree = "<group>";
		};
/* End PBXVariantGroup section */

/* Begin XCBuildConfiguration section */
		E079D4F722AF30D60010BCA7 /* Debug */ = {
			isa = XCBuildConfiguration;
			buildSettings = {
				ALWAYS_SEARCH_USER_PATHS = NO;
				CLANG_ANALYZER_NONNULL = YES;
				CLANG_ANALYZER_NUMBER_OBJECT_CONVERSION = YES_AGGRESSIVE;
				CLANG_CXX_LANGUAGE_STANDARD = "gnu++14";
				CLANG_CXX_LIBRARY = "libc++";
				CLANG_ENABLE_MODULES = YES;
				CLANG_ENABLE_OBJC_ARC = YES;
				CLANG_ENABLE_OBJC_WEAK = YES;
				CLANG_WARN_BLOCK_CAPTURE_AUTORELEASING = YES;
				CLANG_WARN_BOOL_CONVERSION = YES;
				CLANG_WARN_COMMA = YES;
				CLANG_WARN_CONSTANT_CONVERSION = YES;
				CLANG_WARN_DEPRECATED_OBJC_IMPLEMENTATIONS = YES;
				CLANG_WARN_DIRECT_OBJC_ISA_USAGE = YES_ERROR;
				CLANG_WARN_DOCUMENTATION_COMMENTS = YES;
				CLANG_WARN_EMPTY_BODY = YES;
				CLANG_WARN_ENUM_CONVERSION = YES;
				CLANG_WARN_INFINITE_RECURSION = YES;
				CLANG_WARN_INT_CONVERSION = YES;
				CLANG_WARN_NON_LITERAL_NULL_CONVERSION = YES;
				CLANG_WARN_OBJC_IMPLICIT_RETAIN_SELF = YES;
				CLANG_WARN_OBJC_LITERAL_CONVERSION = YES;
				CLANG_WARN_OBJC_ROOT_CLASS = YES_ERROR;
				CLANG_WARN_RANGE_LOOP_ANALYSIS = YES;
				CLANG_WARN_STRICT_PROTOTYPES = YES;
				CLANG_WARN_SUSPICIOUS_MOVE = YES;
				CLANG_WARN_UNGUARDED_AVAILABILITY = YES_AGGRESSIVE;
				CLANG_WARN_UNREACHABLE_CODE = YES;
				CLANG_WARN__DUPLICATE_METHOD_MATCH = YES;
				CODE_SIGN_IDENTITY = "iPhone Developer";
				COPY_PHASE_STRIP = NO;
				DEBUG_INFORMATION_FORMAT = dwarf;
				ENABLE_STRICT_OBJC_MSGSEND = YES;
				ENABLE_TESTABILITY = YES;
				GCC_C_LANGUAGE_STANDARD = gnu11;
				GCC_DYNAMIC_NO_PIC = NO;
				GCC_NO_COMMON_BLOCKS = YES;
				GCC_OPTIMIZATION_LEVEL = 0;
				GCC_PREPROCESSOR_DEFINITIONS = (
					"DEBUG=1",
					"$(inherited)",
				);
				GCC_WARN_64_TO_32_BIT_CONVERSION = YES;
				GCC_WARN_ABOUT_RETURN_TYPE = YES_ERROR;
				GCC_WARN_UNDECLARED_SELECTOR = YES;
				GCC_WARN_UNINITIALIZED_AUTOS = YES_AGGRESSIVE;
				GCC_WARN_UNUSED_FUNCTION = YES;
				GCC_WARN_UNUSED_VARIABLE = YES;
				IPHONEOS_DEPLOYMENT_TARGET = 12.1;
				MTL_ENABLE_DEBUG_INFO = INCLUDE_SOURCE;
				MTL_FAST_MATH = YES;
				ONLY_ACTIVE_ARCH = YES;
				SDKROOT = iphoneos;
				SWIFT_ACTIVE_COMPILATION_CONDITIONS = DEBUG;
				SWIFT_OPTIMIZATION_LEVEL = "-Onone";
			};
			name = Debug;
		};
		E079D4F822AF30D60010BCA7 /* Release */ = {
			isa = XCBuildConfiguration;
			buildSettings = {
				ALWAYS_SEARCH_USER_PATHS = NO;
				CLANG_ANALYZER_NONNULL = YES;
				CLANG_ANALYZER_NUMBER_OBJECT_CONVERSION = YES_AGGRESSIVE;
				CLANG_CXX_LANGUAGE_STANDARD = "gnu++14";
				CLANG_CXX_LIBRARY = "libc++";
				CLANG_ENABLE_MODULES = YES;
				CLANG_ENABLE_OBJC_ARC = YES;
				CLANG_ENABLE_OBJC_WEAK = YES;
				CLANG_WARN_BLOCK_CAPTURE_AUTORELEASING = YES;
				CLANG_WARN_BOOL_CONVERSION = YES;
				CLANG_WARN_COMMA = YES;
				CLANG_WARN_CONSTANT_CONVERSION = YES;
				CLANG_WARN_DEPRECATED_OBJC_IMPLEMENTATIONS = YES;
				CLANG_WARN_DIRECT_OBJC_ISA_USAGE = YES_ERROR;
				CLANG_WARN_DOCUMENTATION_COMMENTS = YES;
				CLANG_WARN_EMPTY_BODY = YES;
				CLANG_WARN_ENUM_CONVERSION = YES;
				CLANG_WARN_INFINITE_RECURSION = YES;
				CLANG_WARN_INT_CONVERSION = YES;
				CLANG_WARN_NON_LITERAL_NULL_CONVERSION = YES;
				CLANG_WARN_OBJC_IMPLICIT_RETAIN_SELF = YES;
				CLANG_WARN_OBJC_LITERAL_CONVERSION = YES;
				CLANG_WARN_OBJC_ROOT_CLASS = YES_ERROR;
				CLANG_WARN_RANGE_LOOP_ANALYSIS = YES;
				CLANG_WARN_STRICT_PROTOTYPES = YES;
				CLANG_WARN_SUSPICIOUS_MOVE = YES;
				CLANG_WARN_UNGUARDED_AVAILABILITY = YES_AGGRESSIVE;
				CLANG_WARN_UNREACHABLE_CODE = YES;
				CLANG_WARN__DUPLICATE_METHOD_MATCH = YES;
				CODE_SIGN_IDENTITY = "iPhone Developer";
				COPY_PHASE_STRIP = NO;
				DEBUG_INFORMATION_FORMAT = "dwarf-with-dsym";
				ENABLE_NS_ASSERTIONS = NO;
				ENABLE_STRICT_OBJC_MSGSEND = YES;
				GCC_C_LANGUAGE_STANDARD = gnu11;
				GCC_NO_COMMON_BLOCKS = YES;
				GCC_WARN_64_TO_32_BIT_CONVERSION = YES;
				GCC_WARN_ABOUT_RETURN_TYPE = YES_ERROR;
				GCC_WARN_UNDECLARED_SELECTOR = YES;
				GCC_WARN_UNINITIALIZED_AUTOS = YES_AGGRESSIVE;
				GCC_WARN_UNUSED_FUNCTION = YES;
				GCC_WARN_UNUSED_VARIABLE = YES;
				IPHONEOS_DEPLOYMENT_TARGET = 12.1;
				MTL_ENABLE_DEBUG_INFO = NO;
				MTL_FAST_MATH = YES;
				SDKROOT = iphoneos;
				SWIFT_COMPILATION_MODE = wholemodule;
				SWIFT_OPTIMIZATION_LEVEL = "-O";
				VALIDATE_PRODUCT = YES;
			};
			name = Release;
		};
		E079D4FA22AF30D60010BCA7 /* Debug */ = {
			isa = XCBuildConfiguration;
			baseConfigurationReference = BB15879A707659AEEA1B18BA /* Pods-BRQTest.debug.xcconfig */;
			buildSettings = {
				ASSETCATALOG_COMPILER_APPICON_NAME = AppIcon;
				CODE_SIGN_STYLE = Automatic;
				DEVELOPMENT_TEAM = 626FRPWPF5;
				INFOPLIST_FILE = BRQTest/Info.plist;
				LD_RUNPATH_SEARCH_PATHS = (
					"$(inherited)",
					"@executable_path/Frameworks",
				);
				PRODUCT_BUNDLE_IDENTIFIER = gerson.BRQTest;
				PRODUCT_NAME = "$(TARGET_NAME)";
				SWIFT_VERSION = 4.2;
				TARGETED_DEVICE_FAMILY = "1,2";
			};
			name = Debug;
		};
		E079D4FB22AF30D60010BCA7 /* Release */ = {
			isa = XCBuildConfiguration;
			baseConfigurationReference = 422D1F4515E89595B1504BC0 /* Pods-BRQTest.release.xcconfig */;
			buildSettings = {
				ASSETCATALOG_COMPILER_APPICON_NAME = AppIcon;
				CODE_SIGN_STYLE = Automatic;
				DEVELOPMENT_TEAM = 626FRPWPF5;
				INFOPLIST_FILE = BRQTest/Info.plist;
				LD_RUNPATH_SEARCH_PATHS = (
					"$(inherited)",
					"@executable_path/Frameworks",
				);
				PRODUCT_BUNDLE_IDENTIFIER = gerson.BRQTest;
				PRODUCT_NAME = "$(TARGET_NAME)";
				SWIFT_VERSION = 4.2;
				TARGETED_DEVICE_FAMILY = "1,2";
			};
			name = Release;
		};
		E079D4FD22AF30D60010BCA7 /* Debug */ = {
			isa = XCBuildConfiguration;
			baseConfigurationReference = 914F5D4D901061B9CDCFB127 /* Pods-BRQTestTests.debug.xcconfig */;
			buildSettings = {
				ALWAYS_EMBED_SWIFT_STANDARD_LIBRARIES = YES;
				BUNDLE_LOADER = "$(TEST_HOST)";
				CODE_SIGN_STYLE = Automatic;
				DEVELOPMENT_TEAM = 626FRPWPF5;
				INFOPLIST_FILE = BRQTestTests/Info.plist;
				LD_RUNPATH_SEARCH_PATHS = (
					"$(inherited)",
					"@executable_path/Frameworks",
					"@loader_path/Frameworks",
				);
				PRODUCT_BUNDLE_IDENTIFIER = gerson.BRQTestTests;
				PRODUCT_NAME = "$(TARGET_NAME)";
				SWIFT_VERSION = 4.2;
				TARGETED_DEVICE_FAMILY = "1,2";
				TEST_HOST = "$(BUILT_PRODUCTS_DIR)/BRQTest.app/BRQTest";
			};
			name = Debug;
		};
		E079D4FE22AF30D60010BCA7 /* Release */ = {
			isa = XCBuildConfiguration;
			baseConfigurationReference = C8A276019E56CEC9E23E8A1D /* Pods-BRQTestTests.release.xcconfig */;
			buildSettings = {
				ALWAYS_EMBED_SWIFT_STANDARD_LIBRARIES = YES;
				BUNDLE_LOADER = "$(TEST_HOST)";
				CODE_SIGN_STYLE = Automatic;
				DEVELOPMENT_TEAM = 626FRPWPF5;
				INFOPLIST_FILE = BRQTestTests/Info.plist;
				LD_RUNPATH_SEARCH_PATHS = (
					"$(inherited)",
					"@executable_path/Frameworks",
					"@loader_path/Frameworks",
				);
				PRODUCT_BUNDLE_IDENTIFIER = gerson.BRQTestTests;
				PRODUCT_NAME = "$(TARGET_NAME)";
				SWIFT_VERSION = 4.2;
				TARGETED_DEVICE_FAMILY = "1,2";
				TEST_HOST = "$(BUILT_PRODUCTS_DIR)/BRQTest.app/BRQTest";
			};
			name = Release;
		};
/* End XCBuildConfiguration section */

/* Begin XCConfigurationList section */
		E079D4D722AF30D30010BCA7 /* Build configuration list for PBXProject "BRQTest" */ = {
			isa = XCConfigurationList;
			buildConfigurations = (
				E079D4F722AF30D60010BCA7 /* Debug */,
				E079D4F822AF30D60010BCA7 /* Release */,
			);
			defaultConfigurationIsVisible = 0;
			defaultConfigurationName = Release;
		};
		E079D4F922AF30D60010BCA7 /* Build configuration list for PBXNativeTarget "BRQTest" */ = {
			isa = XCConfigurationList;
			buildConfigurations = (
				E079D4FA22AF30D60010BCA7 /* Debug */,
				E079D4FB22AF30D60010BCA7 /* Release */,
			);
			defaultConfigurationIsVisible = 0;
			defaultConfigurationName = Release;
		};
		E079D4FC22AF30D60010BCA7 /* Build configuration list for PBXNativeTarget "BRQTestTests" */ = {
			isa = XCConfigurationList;
			buildConfigurations = (
				E079D4FD22AF30D60010BCA7 /* Debug */,
				E079D4FE22AF30D60010BCA7 /* Release */,
			);
			defaultConfigurationIsVisible = 0;
			defaultConfigurationName = Release;
		};
/* End XCConfigurationList section */
	};
	rootObject = E079D4D422AF30D30010BCA7 /* Project object */;
}
